<?xml version="1.0" encoding="utf-8"?>
<Project ToolsVersion="4.0" xmlns="http://schemas.microsoft.com/developer/msbuild/2003">
  <ItemGroup>
    <Filter Include="インプットコントローラー">
      <UniqueIdentifier>{252f5919-6a13-4329-b82c-4cd78c0a2e23}</UniqueIdentifier>
    </Filter>
    <Filter Include="シーンマネージャー">
      <UniqueIdentifier>{d8ba978c-ce72-4977-9d4c-0dff73ba36d9}</UniqueIdentifier>
    </Filter>
    <Filter Include="FPSコントローラー">
      <UniqueIdentifier>{69edd831-a027-44c8-98b4-4260c6bd045c}</UniqueIdentifier>
    </Filter>
    <Filter Include="シーン">
      <UniqueIdentifier>{221a9e51-73d2-4d22-a306-7e6760297c76}</UniqueIdentifier>
    </Filter>
    <Filter Include="メイン">
      <UniqueIdentifier>{392ff1b7-8491-447a-b0b5-ebf74d71e47a}</UniqueIdentifier>
    </Filter>
    <Filter Include="ステージ">
      <UniqueIdentifier>{c1458ff1-5e0c-4e2f-a4ca-ba984dacbcf2}</UniqueIdentifier>
</Filter>
    <Filter Include="ゲーム処理">
      <UniqueIdentifier>{f7057e4a-221d-4c88-a799-75762fc5aa83}</UniqueIdentifier>
    </Filter>
    <Filter Include="ゲーム処理\ゲームUI / プレイヤーUI">
      <UniqueIdentifier>{7a2d1699-2d3b-421b-9774-2d99ec39e015}</UniqueIdentifier>
    </Filter>
  </ItemGroup>
  <ItemGroup>
    <ClInclude Include="scene.h">
      <Filter>シーンマネージャー</Filter>
    </ClInclude>
    <ClInclude Include="sceneManager.h">
      <Filter>シーンマネージャー</Filter>
    </ClInclude>
    <ClInclude Include="inputCtrl.h">
      <Filter>インプットコントローラー</Filter>
    </ClInclude>
    <ClInclude Include="fpsCtrl.h">
      <Filter>FPSコントローラー</Filter>
    </ClInclude>
    <ClInclude Include="scene_debug.h">
      <Filter>シーン</Filter>
    </ClInclude>
    <ClInclude Include="main.h">
      <Filter>メイン</Filter>
    </ClInclude>
    <ClInclude Include="Stage.h">
      <Filter>ステージ</Filter>
</ClInclude>
    <ClInclude Include="scene_game.h">
      <Filter>シーン</Filter>
    </ClInclude>
    <ClInclude Include="game_ui.h">
      <Filter>ゲーム処理\ゲームUI / プレイヤーUI</Filter>
    </ClInclude>
  </ItemGroup>
  <ItemGroup>
    <ClCompile Include="scene_debug.cpp">
      <Filter>シーン</Filter>
    </ClCompile>
    <ClCompile Include="sceneManager.cpp">
      <Filter>シーンマネージャー</Filter>
    </ClCompile>
    <ClCompile Include="inputCtrl.cpp">
      <Filter>インプットコントローラー</Filter>
    </ClCompile>
    <ClCompile Include="fpsCtrl.cpp">
      <Filter>FPSコントローラー</Filter>
    </ClCompile>
    <ClCompile Include="main.cpp">
      <Filter>メイン</Filter>
    </ClCompile>
    <ClCompile Include="Stage.cpp">
      <Filter>ステージ</Filter>
</ClCompile>
    <ClCompile Include="scene_game.cpp">
      <Filter>シーン</Filter>
    </ClCompile>
    <ClCompile Include="game_ui.cpp">
      <Filter>ゲーム処理\ゲームUI / プレイヤーUI</Filter>
    </ClCompile>
  </ItemGroup>
</Project>